
Microsoft Visual Studio Solution File, Format Version 12.00
# Visual Studio Version 17
VisualStudioVersion = 17.13.35931.197 d17.13
MinimumVisualStudioVersion = 10.0.40219.1
Project("{FAE04EC0-301F-11D3-BF4B-00C04F79EFBC}") = "DoubleLinkedList.UI.Console", "DoubleLinkedList.UI.Console\DoubleLinkedList.UI.Console.csproj", "{7879B77E-EAFC-4EF8-A0C1-BB2B50850983}"
EndProject
Global
	GlobalSection(SolutionConfigurationPlatforms) = preSolution
		Debug|Any CPU = Debug|Any CPU
		Release|Any CPU = Release|Any CPU
	EndGlobalSection
	GlobalSection(ProjectConfigurationPlatforms) = postSolution
		{7879B77E-EAFC-4EF8-A0C1-BB2B50850983}.Debug|Any CPU.ActiveCfg = Debug|Any CPU
		{7879B77E-EAFC-4EF8-A0C1-BB2B50850983}.Debug|Any CPU.Build.0 = Debug|Any CPU
		{7879B77E-EAFC-4EF8-A0C1-BB2B50850983}.Release|Any CPU.ActiveCfg = Release|Any CPU
		{7879B77E-EAFC-4EF8-A0C1-BB2B50850983}.Release|Any CPU.Build.0 = Release|Any CPU
	EndGlobalSection
	GlobalSection(SolutionProperties) = preSolution
		HideSolutionNode = FALSE
	EndGlobalSection
	GlobalSection(ExtensibilityGlobals) = postSolution
		SolutionGuid = {7CA08316-FE02-4C73-B49E-2327BC0919B5}
	EndGlobalSection
EndGlobal
